
Microsoft Visual Studio Solution File, Format Version 12.00
# Visual Studio Version 17
VisualStudioVersion = 17.11.35312.102
MinimumVisualStudioVersion = 10.0.40219.1
Project("{FAE04EC0-301F-11D3-BF4B-00C04F79EFBC}") = "Basic.Authentication.Core", "Basic.Authentication.Core.csproj", "{9ED40BC5-9284-4BA1-9255-5C146065E75D}"
EndProject
Global
	GlobalSection(SolutionConfigurationPlatforms) = preSolution
		Debug|Any CPU = Debug|Any CPU
		Release|Any CPU = Release|Any CPU
	EndGlobalSection
	GlobalSection(ProjectConfigurationPlatforms) = postSolution
		{9ED40BC5-9284-4BA1-9255-5C146065E75D}.Debug|Any CPU.ActiveCfg = Debug|Any CPU
		{9ED40BC5-9284-4BA1-9255-5C146065E75D}.Debug|Any CPU.Build.0 = Debug|Any CPU
		{9ED40BC5-9284-4BA1-9255-5C146065E75D}.Release|Any CPU.ActiveCfg = Release|Any CPU
		{9ED40BC5-9284-4BA1-9255-5C146065E75D}.Release|Any CPU.Build.0 = Release|Any CPU
	EndGlobalSection
	GlobalSection(SolutionProperties) = preSolution
		HideSolutionNode = FALSE
	EndGlobalSection
	GlobalSection(ExtensibilityGlobals) = postSolution
		SolutionGuid = {36B29543-BE18-4FA3-9191-6C4D44F525F0}
	EndGlobalSection
EndGlobal
